
Microsoft Visual Studio Solution File, Format Version 12.00
# Visual Studio Version 17
VisualStudioVersion = 17.7.34221.43
MinimumVisualStudioVersion = 10.0.40219.1
Project("{2150E333-8FDC-42A3-9474-1A3956D46DE8}") = "ChatRoomManagement", "ChatRoomManagement", "{50BE60AD-25DD-44FD-A464-192A470D3C2C}"
EndProject
Project("{2150E333-8FDC-42A3-9474-1A3956D46DE8}") = "CR.Domain", "CR.Domain", "{756E1547-98AE-4407-BFAD-6F04F9D16B58}"
EndProject
Project("{2150E333-8FDC-42A3-9474-1A3956D46DE8}") = "CR.Application", "CR.Application", "{3F717541-2081-46EF-B5D2-7F1F7D7A9B14}"
EndProject
Project("{2150E333-8FDC-42A3-9474-1A3956D46DE8}") = "CR.Infrastructure", "CR.Infrastructure", "{BF009712-C9FB-4FFE-AFCE-85B8A32E6FCF}"
EndProject
Project("{FAE04EC0-301F-11D3-BF4B-00C04F79EFBC}") = "ChatRoomManagement.Domain", "ChatRoomManagement.Domain\ChatRoomManagement.Domain.csproj", "{9B379E1A-C5CC-4E74-B220-850516EA6311}"
EndProject
Project("{FAE04EC0-301F-11D3-BF4B-00C04F79EFBC}") = "01_framework", "01_framework\01_framework.csproj", "{E4130433-D3B2-44C4-91EE-8352BFFF0FAE}"
EndProject
Project("{FAE04EC0-301F-11D3-BF4B-00C04F79EFBC}") = "ChatRoomManagement.Application.Contracts", "ChatRoomManagement.Application.Contracts\ChatRoomManagement.Application.Contracts.csproj", "{1E1AD7C3-E4BB-49B4-8585-53FBF85ABE9A}"
EndProject
Project("{FAE04EC0-301F-11D3-BF4B-00C04F79EFBC}") = "ChatRoomManagement.Application", "ChatRoomManagement.Application\ChatRoomManagement.Application.csproj", "{C596D387-416B-4B48-A30E-DC7053608B9B}"
EndProject
Project("{FAE04EC0-301F-11D3-BF4B-00C04F79EFBC}") = "ChatRoomManagement.Infrastructure.EfCore", "ChatRoomManagement.Infrastructure.EfCore\ChatRoomManagement.Infrastructure.EfCore.csproj", "{4C97EAC7-4C77-410B-B12A-CA826766DB21}"
EndProject
Project("{FAE04EC0-301F-11D3-BF4B-00C04F79EFBC}") = "ChatRoomManagement.Infrastructure.Configuration", "ChatRoomManagement.Infrastructure.Configuration\ChatRoomManagement.Infrastructure.Configuration.csproj", "{CB020D11-043E-4246-A7A7-E2FAE013E170}"
EndProject
Project("{FAE04EC0-301F-11D3-BF4B-00C04F79EFBC}") = "ServiceHost", "ServiceHost\ServiceHost.csproj", "{13D2D42B-6723-400E-8CD7-95130C1E8FA2}"
EndProject
Global
	GlobalSection(SolutionConfigurationPlatforms) = preSolution
		Debug|Any CPU = Debug|Any CPU
		Release|Any CPU = Release|Any CPU
	EndGlobalSection
	GlobalSection(ProjectConfigurationPlatforms) = postSolution
		{9B379E1A-C5CC-4E74-B220-850516EA6311}.Debug|Any CPU.ActiveCfg = Debug|Any CPU
		{9B379E1A-C5CC-4E74-B220-850516EA6311}.Debug|Any CPU.Build.0 = Debug|Any CPU
		{9B379E1A-C5CC-4E74-B220-850516EA6311}.Release|Any CPU.ActiveCfg = Release|Any CPU
		{9B379E1A-C5CC-4E74-B220-850516EA6311}.Release|Any CPU.Build.0 = Release|Any CPU
		{E4130433-D3B2-44C4-91EE-8352BFFF0FAE}.Debug|Any CPU.ActiveCfg = Debug|Any CPU
		{E4130433-D3B2-44C4-91EE-8352BFFF0FAE}.Debug|Any CPU.Build.0 = Debug|Any CPU
		{E4130433-D3B2-44C4-91EE-8352BFFF0FAE}.Release|Any CPU.ActiveCfg = Release|Any CPU
		{E4130433-D3B2-44C4-91EE-8352BFFF0FAE}.Release|Any CPU.Build.0 = Release|Any CPU
		{1E1AD7C3-E4BB-49B4-8585-53FBF85ABE9A}.Debug|Any CPU.ActiveCfg = Debug|Any CPU
		{1E1AD7C3-E4BB-49B4-8585-53FBF85ABE9A}.Debug|Any CPU.Build.0 = Debug|Any CPU
		{1E1AD7C3-E4BB-49B4-8585-53FBF85ABE9A}.Release|Any CPU.ActiveCfg = Release|Any CPU
		{1E1AD7C3-E4BB-49B4-8585-53FBF85ABE9A}.Release|Any CPU.Build.0 = Release|Any CPU
		{C596D387-416B-4B48-A30E-DC7053608B9B}.Debug|Any CPU.ActiveCfg = Debug|Any CPU
		{C596D387-416B-4B48-A30E-DC7053608B9B}.Debug|Any CPU.Build.0 = Debug|Any CPU
		{C596D387-416B-4B48-A30E-DC7053608B9B}.Release|Any CPU.ActiveCfg = Release|Any CPU
		{C596D387-416B-4B48-A30E-DC7053608B9B}.Release|Any CPU.Build.0 = Release|Any CPU
		{4C97EAC7-4C77-410B-B12A-CA826766DB21}.Debug|Any CPU.ActiveCfg = Debug|Any CPU
		{4C97EAC7-4C77-410B-B12A-CA826766DB21}.Debug|Any CPU.Build.0 = Debug|Any CPU
		{4C97EAC7-4C77-410B-B12A-CA826766DB21}.Release|Any CPU.ActiveCfg = Release|Any CPU
		{4C97EAC7-4C77-410B-B12A-CA826766DB21}.Release|Any CPU.Build.0 = Release|Any CPU
		{CB020D11-043E-4246-A7A7-E2FAE013E170}.Debug|Any CPU.ActiveCfg = Debug|Any CPU
		{CB020D11-043E-4246-A7A7-E2FAE013E170}.Debug|Any CPU.Build.0 = Debug|Any CPU
		{CB020D11-043E-4246-A7A7-E2FAE013E170}.Release|Any CPU.ActiveCfg = Release|Any CPU
		{CB020D11-043E-4246-A7A7-E2FAE013E170}.Release|Any CPU.Build.0 = Release|Any CPU
		{13D2D42B-6723-400E-8CD7-95130C1E8FA2}.Debug|Any CPU.ActiveCfg = Debug|Any CPU
		{13D2D42B-6723-400E-8CD7-95130C1E8FA2}.Debug|Any CPU.Build.0 = Debug|Any CPU
		{13D2D42B-6723-400E-8CD7-95130C1E8FA2}.Release|Any CPU.ActiveCfg = Release|Any CPU
		{13D2D42B-6723-400E-8CD7-95130C1E8FA2}.Release|Any CPU.Build.0 = Release|Any CPU
	EndGlobalSection
	GlobalSection(SolutionProperties) = preSolution
		HideSolutionNode = FALSE
	EndGlobalSection
	GlobalSection(NestedProjects) = preSolution
		{756E1547-98AE-4407-BFAD-6F04F9D16B58} = {50BE60AD-25DD-44FD-A464-192A470D3C2C}
		{3F717541-2081-46EF-B5D2-7F1F7D7A9B14} = {50BE60AD-25DD-44FD-A464-192A470D3C2C}
		{BF009712-C9FB-4FFE-AFCE-85B8A32E6FCF} = {50BE60AD-25DD-44FD-A464-192A470D3C2C}
		{9B379E1A-C5CC-4E74-B220-850516EA6311} = {756E1547-98AE-4407-BFAD-6F04F9D16B58}
		{1E1AD7C3-E4BB-49B4-8585-53FBF85ABE9A} = {3F717541-2081-46EF-B5D2-7F1F7D7A9B14}
		{C596D387-416B-4B48-A30E-DC7053608B9B} = {3F717541-2081-46EF-B5D2-7F1F7D7A9B14}
		{4C97EAC7-4C77-410B-B12A-CA826766DB21} = {BF009712-C9FB-4FFE-AFCE-85B8A32E6FCF}
		{CB020D11-043E-4246-A7A7-E2FAE013E170} = {BF009712-C9FB-4FFE-AFCE-85B8A32E6FCF}
	EndGlobalSection
	GlobalSection(ExtensibilityGlobals) = postSolution
		SolutionGuid = {C7A92130-BD71-4BD5-A58F-1D328F8007E2}
	EndGlobalSection
EndGlobal
